
Microsoft Visual Studio Solution File, Format Version 12.00
# Visual Studio Version 17
VisualStudioVersion = 17.0.31717.71
MinimumVisualStudioVersion = 10.0.40219.1
Project("{9A19103F-16F7-4668-BE54-9A1E7A4F7556}") = "Twitch.Stream", "src\Twitch.Stream\Twitch.Stream.csproj", "{AF384DBA-F85E-4768-B1D4-383F70F19D88}"
EndProject
Project("{9A19103F-16F7-4668-BE54-9A1E7A4F7556}") = "_build", "build\_build.csproj", "{EF1084CF-12CB-421C-8EDC-D3847389E4BE}"
EndProject
Project("{9A19103F-16F7-4668-BE54-9A1E7A4F7556}") = "Twitch.Libs", "src\Twitch.Libs\Twitch.Libs.csproj", "{5549C652-77B0-457F-AE0C-F5E5C0AA4610}"
EndProject
Global
	GlobalSection(SolutionConfigurationPlatforms) = preSolution
		Debug|Any CPU = Debug|Any CPU
		Release|Any CPU = Release|Any CPU
	EndGlobalSection
	GlobalSection(ProjectConfigurationPlatforms) = postSolution
		{AF384DBA-F85E-4768-B1D4-383F70F19D88}.Debug|Any CPU.ActiveCfg = Debug|Any CPU
		{AF384DBA-F85E-4768-B1D4-383F70F19D88}.Debug|Any CPU.Build.0 = Debug|Any CPU
		{AF384DBA-F85E-4768-B1D4-383F70F19D88}.Release|Any CPU.ActiveCfg = Release|Any CPU
		{AF384DBA-F85E-4768-B1D4-383F70F19D88}.Release|Any CPU.Build.0 = Release|Any CPU
		{EF1084CF-12CB-421C-8EDC-D3847389E4BE}.Debug|Any CPU.ActiveCfg = Debug|Any CPU
		{EF1084CF-12CB-421C-8EDC-D3847389E4BE}.Release|Any CPU.ActiveCfg = Release|Any CPU
		{5549C652-77B0-457F-AE0C-F5E5C0AA4610}.Debug|Any CPU.ActiveCfg = Debug|Any CPU
		{5549C652-77B0-457F-AE0C-F5E5C0AA4610}.Debug|Any CPU.Build.0 = Debug|Any CPU
		{5549C652-77B0-457F-AE0C-F5E5C0AA4610}.Release|Any CPU.ActiveCfg = Release|Any CPU
		{5549C652-77B0-457F-AE0C-F5E5C0AA4610}.Release|Any CPU.Build.0 = Release|Any CPU
	EndGlobalSection
	GlobalSection(SolutionProperties) = preSolution
		HideSolutionNode = FALSE
	EndGlobalSection
	GlobalSection(ExtensibilityGlobals) = postSolution
		SolutionGuid = {E9AE417C-E0ED-46AE-AAD8-76C4818341FD}
	EndGlobalSection
EndGlobal
